{
  "name": "holark-terminal-worker",
  "version": "0.1.0",
  "lockfileVersion": 3,
  "requires": true,
  "packages": {
    "": {
      "name": "holark-terminal-worker",
      "version": "0.1.0",
      "hasInstallScript": true,
      "dependencies": {
        "@xterm/addon-serialize": "^0.14.0",
        "@xterm/addon-unicode11": "0.9.0",
        "@xterm/headless": "6.0.0"
      }
    },
    "node_modules/@xterm/addon-serialize": {
      "version": "0.14.0",
      "resolved": "https://registry.npmjs.org/@xterm/addon-serialize/-/addon-serialize-0.14.0.tgz",
      "integrity": "sha512-uteyTU1EkrQa2Ux6P/uFl2fzmXI46jy5uoQMKEOM0fKTyiW7cSn0WrFenHm5vO5uEXX/GpwW/FgILvv3r0WbkA==",
      "license": "MIT"
    },
    "node_modules/@xterm/addon-unicode11": {
      "version": "0.9.0",
      "resolved": "https://registry.npmjs.org/@xterm/addon-unicode11/-/addon-unicode11-0.9.0.tgz",
      "integrity": "sha512-FxDnYcyuXhNl+XSqGZL/t0U9eiNb/q3EWT5rYkQT/zuig8Gz/VagnQANKHdDWFM2lTMk9ly0EFQxxxtZUoRetw==",
      "license": "MIT"
    },
    "node_modules/@xterm/headless": {
      "version": "6.0.0",
      "resolved": "https://registry.npmjs.org/@xterm/headless/-/headless-6.0.0.tgz",
      "integrity": "sha512-5Yj1QINYCyzrZtf8OFIHi47iQtI+0qYFPHmouEfG8dHNxbZ9Tb9YGSuLcsEwj9Z+OL75GJqPyJbyoFer80a2Hw==",
      "license": "MIT",
      "workspaces": [
        "addons/*"
      ]
    }
  }
}
